hash: 95fb08edb5be52cd4bec61508cd5ea08e6b24b3b57d7fc74033b2b4094af7b3e
updated: 2018-05-28T09:15:14.1531348+08:00
imports:
- name: github.com/gorilla/websocket
  version: ea4d1f681babbce9545c9c5f3d5194a789c89f5b
- name: github.com/ZhangGuangxu/circularqueue
  version: 6558fca4aaa16d15baa457208b870f4ab4312197
- name: github.com/ZhangGuangxu/netbuffer
  version: 8ac7293d06a28d195b97054c67a5fc9447dec218
- name: github.com/ZhangGuangxu/timingwheelmm
  version: 17a889168b0bbe09ebf5565f2a82a92b7caee2b5
testImports: []
