hash: bfb4e9958c62a00532a70b9b9f7882e8a9ddb1e21b2c1d58d87e4ceea8bbab15
updated: 2018-05-22T09:36:48.5551304+08:00
imports:
- name: github.com/ZhangGuangxu/circularqueue
  version: 87b946895486fab5fd9318b0fab583d754d61711
- name: github.com/ZhangGuangxu/netbuffer
  version: c5a8b62fbd4f3bafe840782651be1533e1ce2a07
- name: github.com/ZhangGuangxu/timingwheelm
  version: 5191300ef2fad5c05ee407bfa7dbd1408e1ec409
testImports: []
